{
  "name": "@system-one-ai/sdk",
  "version": "0.5.2",
  "lockfileVersion": 3,
  "requires": true,
  "packages": {
    "": {
      "name": "@system-one-ai/sdk",
      "version": "0.5.2",
      "license": "MIT",
      "workspaces": [
        "packages/*"
      ],
      "dependencies": {
        "@system-one-ai/adapter-system-one": "^0.5.2",
        "@system-one-ai/core": "^0.5.2",
        "@system-one-ai/transport-fetch": "^0.5.2"
      },
      "devDependencies": {
        "@types/node": "22.20.3",
        "playwright": "1.63.0",
        "typescript": "5.9.3"
      },
      "engines": {
        "node": ">=20"
      },
      "peerDependencies": {
        "@system-one-ai/adapter-cloudflare": "^0.5.2",
        "@system-one-ai/adapter-llm": "^0.5.2",
        "@system-one-ai/adapter-openrouter": "^0.5.2",
        "@system-one-ai/adapter-vercel": "^0.5.2",
        "@system-one-ai/batch": "^0.5.2",
        "@system-one-ai/decisions": "^0.5.2",
        "@system-one-ai/policies": "^0.5.2"
      },
      "peerDependenciesMeta": {
        "@system-one-ai/adapter-cloudflare": {
          "optional": true
        },
        "@system-one-ai/adapter-llm": {
          "optional": true
        },
        "@system-one-ai/adapter-openrouter": {
          "optional": true
        },
        "@system-one-ai/adapter-vercel": {
          "optional": true
        },
        "@system-one-ai/batch": {
          "optional": true
        },
        "@system-one-ai/decisions": {
          "optional": true
        },
        "@system-one-ai/policies": {
          "optional": true
        }
      }
    },
    "node_modules/@system-one-ai/adapter-cloudflare": {
      "resolved": "packages/adapter-cloudflare",
      "link": true
    },
    "node_modules/@system-one-ai/adapter-llm": {
      "resolved": "packages/adapter-llm",
      "link": true
    },
    "node_modules/@system-one-ai/adapter-openrouter": {
      "resolved": "packages/adapter-openrouter",
      "link": true
    },
    "node_modules/@system-one-ai/adapter-system-one": {
      "resolved": "packages/adapter-system-one",
      "link": true
    },
    "node_modules/@system-one-ai/adapter-vercel": {
      "resolved": "packages/adapter-vercel",
      "link": true
    },
    "node_modules/@system-one-ai/batch": {
      "resolved": "packages/batch",
      "link": true
    },
    "node_modules/@system-one-ai/core": {
      "resolved": "packages/core",
      "link": true
    },
    "node_modules/@system-one-ai/decisions": {
      "resolved": "packages/decisions",
      "link": true
    },
    "node_modules/@system-one-ai/policies": {
      "resolved": "packages/policies",
      "link": true
    },
    "node_modules/@system-one-ai/protocol-system-one": {
      "resolved": "packages/protocol-system-one",
      "link": true
    },
    "node_modules/@system-one-ai/transport-fetch": {
      "resolved": "packages/transport-fetch",
      "link": true
    },
    "node_modules/@types/node": {
      "version": "22.20.3",
      "resolved": "https://registry.npmjs.org/@types/node/-/node-22.20.3.tgz",
      "integrity": "sha512-DZmzkmwHzXrLPAXPyKNDzlIwMMUZCVacoD25ywdy5YTKGbOx/2ld+Q38Im2zJ0vBuZP5Prd3VZutKZyXwkOS8A==",
      "dev": true,
      "license": "MIT",
      "dependencies": {
        "undici-types": "~6.21.0"
      }
    },
    "node_modules/playwright": {
      "version": "1.63.0",
      "resolved": "https://registry.npmjs.org/playwright/-/playwright-1.63.0.tgz",
      "integrity": "sha512-+7ziBLidS4NaNCdt57SUDT+wYmmd5fmiQejUic/kb+YsYSCPyOOE9sebzMjNmQrsnNpDJqd4WHvV/8lfKfUDUg==",
      "dev": true,
      "license": "Apache-2.0",
      "dependencies": {
        "playwright-core": "1.63.0"
      },
      "bin": {
        "playwright": "cli.js"
      },
      "engines": {
        "node": ">=20"
      }
    },
    "node_modules/playwright-core": {
      "version": "1.63.0",
      "resolved": "https://registry.npmjs.org/playwright-core/-/playwright-core-1.63.0.tgz",
      "integrity": "sha512-rYCsBF/M5HjUch52bbtVONEFjv6Xu8sm8h72dNlR5bzIE1fvC/bxgspzkjSfU+MweEMmPM8KJebG6nnyxo5mCg==",
      "dev": true,
      "license": "Apache-2.0",
      "bin": {
        "playwright-core": "cli.js"
      },
      "engines": {
        "node": ">=20"
      }
    },
    "node_modules/typescript": {
      "version": "5.9.3",
      "resolved": "https://registry.npmjs.org/typescript/-/typescript-5.9.3.tgz",
      "integrity": "sha512-jl1vZzPDinLr9eUt3J/t7V6FgNEw9QjvBPdysz9KfQDD41fQrC2Y4vKQdiaUpFT4bXlb1RHhLpp8wtm6M5TgSw==",
      "dev": true,
      "license": "Apache-2.0",
      "bin": {
        "tsc": "bin/tsc",
        "tsserver": "bin/tsserver"
      },
      "engines": {
        "node": ">=14.17"
      }
    },
    "node_modules/undici-types": {
      "version": "6.21.0",
      "resolved": "https://registry.npmjs.org/undici-types/-/undici-types-6.21.0.tgz",
      "integrity": "sha512-iwDZqg0QAGrg9Rav5H4n0M64c3mkR59cJ6wQp+7C4nI0gsmExaedaYLNO44eT4AtBBwjbTiGPMlt2Md0T9H9JQ==",
      "dev": true,
      "license": "MIT"
    },
    "packages/adapter-cloudflare": {
      "name": "@system-one-ai/adapter-cloudflare",
      "version": "0.5.2",
      "license": "MIT",
      "dependencies": {
        "@system-one-ai/core": "^0.5.2",
        "@system-one-ai/protocol-system-one": "^0.5.2"
      },
      "engines": {
        "node": ">=20"
      }
    },
    "packages/adapter-llm": {
      "name": "@system-one-ai/adapter-llm",
      "version": "0.5.2",
      "license": "MIT",
      "dependencies": {
        "@system-one-ai/core": "^0.5.2"
      },
      "engines": {
        "node": ">=20"
      }
    },
    "packages/adapter-openrouter": {
      "name": "@system-one-ai/adapter-openrouter",
      "version": "0.5.2",
      "license": "MIT",
      "dependencies": {
        "@system-one-ai/core": "^0.5.2",
        "@system-one-ai/protocol-system-one": "^0.5.2"
      },
      "engines": {
        "node": ">=20"
      }
    },
    "packages/adapter-system-one": {
      "name": "@system-one-ai/adapter-system-one",
      "version": "0.5.2",
      "license": "MIT",
      "dependencies": {
        "@system-one-ai/core": "^0.5.2",
        "@system-one-ai/protocol-system-one": "^0.5.2"
      },
      "engines": {
        "node": ">=20"
      }
    },
    "packages/adapter-vercel": {
      "name": "@system-one-ai/adapter-vercel",
      "version": "0.5.2",
      "license": "MIT",
      "dependencies": {
        "@system-one-ai/core": "^0.5.2"
      },
      "engines": {
        "node": ">=20"
      }
    },
    "packages/batch": {
      "name": "@system-one-ai/batch",
      "version": "0.5.2",
      "license": "MIT",
      "dependencies": {
        "@system-one-ai/core": "^0.5.2"
      },
      "engines": {
        "node": ">=20"
      }
    },
    "packages/core": {
      "name": "@system-one-ai/core",
      "version": "0.5.2",
      "license": "MIT",
      "engines": {
        "node": ">=20"
      }
    },
    "packages/decisions": {
      "name": "@system-one-ai/decisions",
      "version": "0.5.2",
      "license": "MIT",
      "dependencies": {
        "@system-one-ai/core": "^0.5.2"
      },
      "engines": {
        "node": ">=20"
      }
    },
    "packages/policies": {
      "name": "@system-one-ai/policies",
      "version": "0.5.2",
      "license": "MIT",
      "dependencies": {
        "@system-one-ai/core": "^0.5.2"
      },
      "engines": {
        "node": ">=20"
      }
    },
    "packages/protocol-system-one": {
      "name": "@system-one-ai/protocol-system-one",
      "version": "0.5.2",
      "license": "MIT",
      "dependencies": {
        "@system-one-ai/core": "^0.5.2"
      },
      "engines": {
        "node": ">=20"
      }
    },
    "packages/transport-fetch": {
      "name": "@system-one-ai/transport-fetch",
      "version": "0.5.2",
      "license": "MIT",
      "dependencies": {
        "@system-one-ai/core": "^0.5.2"
      },
      "engines": {
        "node": ">=20"
      }
    }
  }
}
